
Microsoft Visual Studio Solution File, Format Version 12.00
# Visual Studio Version 16
VisualStudioVersion = 16.0.31729.503
MinimumVisualStudioVersion = 10.0.40219.1
Project("{FAE04EC0-301F-11D3-BF4B-00C04F79EFBC}") = "Employee_Management", "Employee_Management\Employee_Management.csproj", "{1393E6E6-8A10-4C6B-A9E1-BA42ABF2265B}"
EndProject
Global
	GlobalSection(SolutionConfigurationPlatforms) = preSolution
		Debug|Any CPU = Debug|Any CPU
		Release|Any CPU = Release|Any CPU
	EndGlobalSection
	GlobalSection(ProjectConfigurationPlatforms) = postSolution
		{1393E6E6-8A10-4C6B-A9E1-BA42ABF2265B}.Debug|Any CPU.ActiveCfg = Debug|Any CPU
		{1393E6E6-8A10-4C6B-A9E1-BA42ABF2265B}.Debug|Any CPU.Build.0 = Debug|Any CPU
		{1393E6E6-8A10-4C6B-A9E1-BA42ABF2265B}.Release|Any CPU.ActiveCfg = Release|Any CPU
		{1393E6E6-8A10-4C6B-A9E1-BA42ABF2265B}.Release|Any CPU.Build.0 = Release|Any CPU
	EndGlobalSection
	GlobalSection(SolutionProperties) = preSolution
		HideSolutionNode = FALSE
	EndGlobalSection
	GlobalSection(ExtensibilityGlobals) = postSolution
		SolutionGuid = {A053614E-4EF1-4E48-B2B2-BD5F832EEB71}
	EndGlobalSection
EndGlobal
